
Microsoft Visual Studio Solution File, Format Version 12.00
# Visual Studio Version 17
VisualStudioVersion = 17.8.34330.188
MinimumVisualStudioVersion = 10.0.40219.1
Project("{FAE04EC0-301F-11D3-BF4B-00C04F79EFBC}") = "common", "common.csproj", "{368A6761-2EAB-49EC-AB52-D1B680354787}"
EndProject
Global
	GlobalSection(SolutionConfigurationPlatforms) = preSolution
		Debug|Any CPU = Debug|Any CPU
		Release|Any CPU = Release|Any CPU
	EndGlobalSection
	GlobalSection(ProjectConfigurationPlatforms) = postSolution
		{368A6761-2EAB-49EC-AB52-D1B680354787}.Debug|Any CPU.ActiveCfg = Debug|Any CPU
		{368A6761-2EAB-49EC-AB52-D1B680354787}.Debug|Any CPU.Build.0 = Debug|Any CPU
		{368A6761-2EAB-49EC-AB52-D1B680354787}.Release|Any CPU.ActiveCfg = Release|Any CPU
		{368A6761-2EAB-49EC-AB52-D1B680354787}.Release|Any CPU.Build.0 = Release|Any CPU
	EndGlobalSection
	GlobalSection(SolutionProperties) = preSolution
		HideSolutionNode = FALSE
	EndGlobalSection
	GlobalSection(ExtensibilityGlobals) = postSolution
		SolutionGuid = {B44B7D98-8DCB-415D-9BE7-C96AC2E5D4CF}
	EndGlobalSection
EndGlobal
