
Microsoft Visual Studio Solution File, Format Version 12.00
# Visual Studio Version 17
VisualStudioVersion = 17.8.34330.188
MinimumVisualStudioVersion = 10.0.40219.1
Project("{FAE04EC0-301F-11D3-BF4B-00C04F79EFBC}") = "Assg2_C#", "Assg2_C#.csproj", "{D5FBAB88-2ADC-47CC-89B1-5018578558C2}"
EndProject
Global
	GlobalSection(SolutionConfigurationPlatforms) = preSolution
		Debug|Any CPU = Debug|Any CPU
		Release|Any CPU = Release|Any CPU
	EndGlobalSection
	GlobalSection(ProjectConfigurationPlatforms) = postSolution
		{D5FBAB88-2ADC-47CC-89B1-5018578558C2}.Debug|Any CPU.ActiveCfg = Debug|Any CPU
		{D5FBAB88-2ADC-47CC-89B1-5018578558C2}.Debug|Any CPU.Build.0 = Debug|Any CPU
		{D5FBAB88-2ADC-47CC-89B1-5018578558C2}.Release|Any CPU.ActiveCfg = Release|Any CPU
		{D5FBAB88-2ADC-47CC-89B1-5018578558C2}.Release|Any CPU.Build.0 = Release|Any CPU
	EndGlobalSection
	GlobalSection(SolutionProperties) = preSolution
		HideSolutionNode = FALSE
	EndGlobalSection
	GlobalSection(ExtensibilityGlobals) = postSolution
		SolutionGuid = {F2D99F91-DAEE-408A-AF06-5C0413F12A85}
	EndGlobalSection
EndGlobal
